
Microsoft Visual Studio Solution File, Format Version 12.00
# Visual Studio Version 17
VisualStudioVersion = 17.5.33530.505
MinimumVisualStudioVersion = 10.0.40219.1
Project("{FAE04EC0-301F-11D3-BF4B-00C04F79EFBC}") = "ProEventos.API", "ProEventos.API\ProEventos.API.csproj", "{6BDF7215-F08C-4BF7-A5F1-0089222E695A}"
EndProject
Global
	GlobalSection(SolutionConfigurationPlatforms) = preSolution
		Debug|Any CPU = Debug|Any CPU
		Release|Any CPU = Release|Any CPU
	EndGlobalSection
	GlobalSection(ProjectConfigurationPlatforms) = postSolution
		{6BDF7215-F08C-4BF7-A5F1-0089222E695A}.Debug|Any CPU.ActiveCfg = Debug|Any CPU
		{6BDF7215-F08C-4BF7-A5F1-0089222E695A}.Debug|Any CPU.Build.0 = Debug|Any CPU
		{6BDF7215-F08C-4BF7-A5F1-0089222E695A}.Release|Any CPU.ActiveCfg = Release|Any CPU
		{6BDF7215-F08C-4BF7-A5F1-0089222E695A}.Release|Any CPU.Build.0 = Release|Any CPU
	EndGlobalSection
	GlobalSection(SolutionProperties) = preSolution
		HideSolutionNode = FALSE
	EndGlobalSection
	GlobalSection(ExtensibilityGlobals) = postSolution
		SolutionGuid = {B5BC7DCF-172B-4802-8951-89909369521D}
	EndGlobalSection
EndGlobal
